
Microsoft Visual Studio Solution File, Format Version 12.00
# Visual Studio Version 16
VisualStudioVersion = 16.0.31129.286
MinimumVisualStudioVersion = 10.0.40219.1
Project("{FAE04EC0-301F-11D3-BF4B-00C04F79EFBC}") = "Project", "Project\Project.csproj", "{C7E4F484-C2F6-4D5C-88F8-5841EB92FDE2}"
EndProject
Global
	GlobalSection(SolutionConfigurationPlatforms) = preSolution
		Debug|Any CPU = Debug|Any CPU
		Release|Any CPU = Release|Any CPU
	EndGlobalSection
	GlobalSection(ProjectConfigurationPlatforms) = postSolution
		{C7E4F484-C2F6-4D5C-88F8-5841EB92FDE2}.Debug|Any CPU.ActiveCfg = Release|Any CPU
		{C7E4F484-C2F6-4D5C-88F8-5841EB92FDE2}.Debug|Any CPU.Build.0 = Release|Any CPU
		{C7E4F484-C2F6-4D5C-88F8-5841EB92FDE2}.Release|Any CPU.ActiveCfg = Release|Any CPU
		{C7E4F484-C2F6-4D5C-88F8-5841EB92FDE2}.Release|Any CPU.Build.0 = Release|Any CPU
	EndGlobalSection
	GlobalSection(SolutionProperties) = preSolution
		HideSolutionNode = FALSE
	EndGlobalSection
	GlobalSection(ExtensibilityGlobals) = postSolution
		SolutionGuid = {42590420-0CFF-4457-8C49-91FD803E2E8C}
	EndGlobalSection
EndGlobal
